[[package]]
name = "aho-corasick"
version = "0.6.9"
source = "registry+https://github.com/rust-lang/crates.io-index"
dependencies = [
 "memchr 2.1.1 (registry+https://github.com/rust-lang/crates.io-index)",
]

[[package]]
name = "arrayref"
version = "0.3.5"
source = "registry+https://github.com/rust-lang/crates.io-index"

[[package]]
name = "backtrace"
version = "0.3.11"
source = "registry+https://github.com/rust-lang/crates.io-index"
dependencies = [
 "backtrace-sys 0.1.24 (registry+https://github.com/rust-lang/crates.io-index)",
 "cfg-if 0.1.6 (registry+https://github.com/rust-lang/crates.io-index)",
 "libc 0.2.44 (registry+https://github.com/rust-lang/crates.io-index)",
 "rustc-demangle 0.1.9 (registry+https://github.com/rust-lang/crates.io-index)",
 "winapi 0.3.6 (registry+https://github.com/rust-lang/crates.io-index)",
]

[[package]]
name = "backtrace-sys"
version = "0.1.24"
source = "registry+https://github.com/rust-lang/crates.io-index"
dependencies = [
 "cc 1.0.25 (registry+https://github.com/rust-lang/crates.io-index)",
 "libc 0.2.44 (registry+https://github.com/rust-lang/crates.io-index)",
]

[[package]]
name = "bencher"
version = "0.1.5"
source = "registry+https://github.com/rust-lang/crates.io-index"

[[package]]
name = "block-buffer"
version = "0.3.3"
source = "registry+https://github.com/rust-lang/crates.io-index"
dependencies = [
 "arrayref 0.3.5 (registry+https://github.com/rust-lang/crates.io-index)",
 "byte-tools 0.2.0 (registry+https://github.com/rust-lang/crates.io-index)",
]

[[package]]
name = "block-buffer"
version = "0.7.1"
source = "registry+https://github.com/rust-lang/crates.io-index"
dependencies = [
 "block-padding 0.1.2 (registry+https://github.com/rust-lang/crates.io-index)",
 "byte-tools 0.3.0 (registry+https://github.com/rust-lang/crates.io-index)",
 "byteorder 1.2.7 (registry+https://github.com/rust-lang/crates.io-index)",
 "generic-array 0.12.0 (registry+https://github.com/rust-lang/crates.io-index)",
]

[[package]]
name = "block-padding"
version = "0.1.2"
source = "registry+https://github.com/rust-lang/crates.io-index"
dependencies = [
 "byte-tools 0.3.0 (registry+https://github.com/rust-lang/crates.io-index)",
]

[[package]]
name = "byte-tools"
version = "0.2.0"
source = "registry+https://github.com/rust-lang/crates.io-index"

[[package]]
name = "byte-tools"
version = "0.3.0"
source = "registry+https://github.com/rust-lang/crates.io-index"

[[package]]
name = "byteorder"
version = "1.2.7"
source = "registry+https://github.com/rust-lang/crates.io-index"

[[package]]
name = "cc"
version = "1.0.25"
source = "registry+https://github.com/rust-lang/crates.io-index"

[[package]]
name = "cfg-if"
version = "0.1.6"
source = "registry+https://github.com/rust-lang/crates.io-index"

[[package]]
name = "crate-race"
version = "0.2.0"
dependencies = [
 "bencher 0.1.5 (registry+https://github.com/rust-lang/crates.io-index)",
 "json 0.11.13 (registry+https://github.com/rust-lang/crates.io-index)",
 "json5 0.2.2 (registry+https://github.com/rust-lang/crates.io-index)",
 "json_in_type 1.0.0 (registry+https://github.com/rust-lang/crates.io-index)",
 "md-5 0.8.0 (registry+https://github.com/rust-lang/crates.io-index)",
 "md5 0.6.0 (registry+https://github.com/rust-lang/crates.io-index)",
 "num-bigint 0.2.1 (registry+https://github.com/rust-lang/crates.io-index)",
 "num-traits 0.2.6 (registry+https://github.com/rust-lang/crates.io-index)",
 "numext-fixed-uint 0.1.0 (registry+https://github.com/rust-lang/crates.io-index)",
 "regex 1.1.0 (registry+https://github.com/rust-lang/crates.io-index)",
 "serde_json 1.0.33 (registry+https://github.com/rust-lang/crates.io-index)",
 "uint 0.5.0 (registry+https://github.com/rust-lang/crates.io-index)",
]

[[package]]
name = "crunchy"
version = "0.2.1"
source = "registry+https://github.com/rust-lang/crates.io-index"

[[package]]
name = "digest"
version = "0.7.6"
source = "registry+https://github.com/rust-lang/crates.io-index"
dependencies = [
 "generic-array 0.9.0 (registry+https://github.com/rust-lang/crates.io-index)",
]

[[package]]
name = "digest"
version = "0.8.0"
source = "registry+https://github.com/rust-lang/crates.io-index"
dependencies = [
 "generic-array 0.12.0 (registry+https://github.com/rust-lang/crates.io-index)",
]

[[package]]
name = "failure"
version = "0.1.3"
source = "registry+https://github.com/rust-lang/crates.io-index"
dependencies = [
 "backtrace 0.3.11 (registry+https://github.com/rust-lang/crates.io-index)",
 "failure_derive 0.1.3 (registry+https://github.com/rust-lang/crates.io-index)",
]

[[package]]
name = "failure_derive"
version = "0.1.3"
source = "registry+https://github.com/rust-lang/crates.io-index"
dependencies = [
 "proc-macro2 0.4.24 (registry+https://github.com/rust-lang/crates.io-index)",
 "quote 0.6.10 (registry+https://github.com/rust-lang/crates.io-index)",
 "syn 0.15.22 (registry+https://github.com/rust-lang/crates.io-index)",
 "synstructure 0.10.1 (registry+https://github.com/rust-lang/crates.io-index)",
]

[[package]]
name = "fake-simd"
version = "0.1.2"
source = "registry+https://github.com/rust-lang/crates.io-index"

[[package]]
name = "generic-array"
version = "0.9.0"
source = "registry+https://github.com/rust-lang/crates.io-index"
dependencies = [
 "typenum 1.10.0 (registry+https://github.com/rust-lang/crates.io-index)",
]

[[package]]
name = "generic-array"
version = "0.12.0"
source = "registry+https://github.com/rust-lang/crates.io-index"
dependencies = [
 "typenum 1.10.0 (registry+https://github.com/rust-lang/crates.io-index)",
]

[[package]]
name = "itoa"
version = "0.4.3"
source = "registry+https://github.com/rust-lang/crates.io-index"

[[package]]
name = "json"
version = "0.11.13"
source = "registry+https://github.com/rust-lang/crates.io-index"

[[package]]
name = "json5"
version = "0.2.2"
source = "registry+https://github.com/rust-lang/crates.io-index"
dependencies = [
 "pest 2.0.2 (registry+https://github.com/rust-lang/crates.io-index)",
 "pest_derive 2.0.1 (registry+https://github.com/rust-lang/crates.io-index)",
 "serde 1.0.81 (registry+https://github.com/rust-lang/crates.io-index)",
]

[[package]]
name = "json_in_type"
version = "1.0.0"
source = "registry+https://github.com/rust-lang/crates.io-index"
dependencies = [
 "itoa 0.4.3 (registry+https://github.com/rust-lang/crates.io-index)",
 "ryu-ecmascript 0.1.1 (registry+https://github.com/rust-lang/crates.io-index)",
 "simd 0.2.3 (registry+https://github.com/rust-lang/crates.io-index)",
]

[[package]]
name = "lazy_static"
version = "1.2.0"
source = "registry+https://github.com/rust-lang/crates.io-index"

[[package]]
name = "libc"
version = "0.2.44"
source = "registry+https://github.com/rust-lang/crates.io-index"

[[package]]
name = "maplit"
version = "1.0.1"
source = "registry+https://github.com/rust-lang/crates.io-index"

[[package]]
name = "md-5"
version = "0.8.0"
source = "registry+https://github.com/rust-lang/crates.io-index"
dependencies = [
 "block-buffer 0.7.1 (registry+https://github.com/rust-lang/crates.io-index)",
 "digest 0.8.0 (registry+https://github.com/rust-lang/crates.io-index)",
 "opaque-debug 0.2.1 (registry+https://github.com/rust-lang/crates.io-index)",
]

[[package]]
name = "md5"
version = "0.6.0"
source = "registry+https://github.com/rust-lang/crates.io-index"

[[package]]
name = "memchr"
version = "2.1.1"
source = "registry+https://github.com/rust-lang/crates.io-index"
dependencies = [
 "cfg-if 0.1.6 (registry+https://github.com/rust-lang/crates.io-index)",
 "libc 0.2.44 (registry+https://github.com/rust-lang/crates.io-index)",
 "version_check 0.1.5 (registry+https://github.com/rust-lang/crates.io-index)",
]

[[package]]
name = "num-bigint"
version = "0.2.1"
source = "registry+https://github.com/rust-lang/crates.io-index"
dependencies = [
 "num-integer 0.1.39 (registry+https://github.com/rust-lang/crates.io-index)",
 "num-traits 0.2.6 (registry+https://github.com/rust-lang/crates.io-index)",
]

[[package]]
name = "num-integer"
version = "0.1.39"
source = "registry+https://github.com/rust-lang/crates.io-index"
dependencies = [
 "num-traits 0.2.6 (registry+https://github.com/rust-lang/crates.io-index)",
]

[[package]]
name = "num-traits"
version = "0.2.6"
source = "registry+https://github.com/rust-lang/crates.io-index"

[[package]]
name = "numext-constructor"
version = "0.1.0"
source = "registry+https://github.com/rust-lang/crates.io-index"
dependencies = [
 "proc-macro2 0.4.24 (registry+https://github.com/rust-lang/crates.io-index)",
 "quote 0.6.10 (registry+https://github.com/rust-lang/crates.io-index)",
 "syn 0.15.22 (registry+https://github.com/rust-lang/crates.io-index)",
]

[[package]]
name = "numext-fixed-uint"
version = "0.1.0"
source = "registry+https://github.com/rust-lang/crates.io-index"
dependencies = [
 "failure 0.1.3 (registry+https://github.com/rust-lang/crates.io-index)",
 "numext-constructor 0.1.0 (registry+https://github.com/rust-lang/crates.io-index)",
]

[[package]]
name = "opaque-debug"
version = "0.2.1"
source = "registry+https://github.com/rust-lang/crates.io-index"

[[package]]
name = "pest"
version = "2.0.2"
source = "registry+https://github.com/rust-lang/crates.io-index"
dependencies = [
 "ucd-trie 0.1.1 (registry+https://github.com/rust-lang/crates.io-index)",
]

[[package]]
name = "pest_derive"
version = "2.0.1"
source = "registry+https://github.com/rust-lang/crates.io-index"
dependencies = [
 "pest 2.0.2 (registry+https://github.com/rust-lang/crates.io-index)",
 "pest_generator 2.0.0 (registry+https://github.com/rust-lang/crates.io-index)",
]

[[package]]
name = "pest_generator"
version = "2.0.0"
source = "registry+https://github.com/rust-lang/crates.io-index"
dependencies = [
 "pest 2.0.2 (registry+https://github.com/rust-lang/crates.io-index)",
 "pest_meta 2.0.3 (registry+https://github.com/rust-lang/crates.io-index)",
 "proc-macro2 0.4.24 (registry+https://github.com/rust-lang/crates.io-index)",
 "quote 0.6.10 (registry+https://github.com/rust-lang/crates.io-index)",
 "syn 0.14.9 (registry+https://github.com/rust-lang/crates.io-index)",
]

[[package]]
name = "pest_meta"
version = "2.0.3"
source = "registry+https://github.com/rust-lang/crates.io-index"
dependencies = [
 "maplit 1.0.1 (registry+https://github.com/rust-lang/crates.io-index)",
 "pest 2.0.2 (registry+https://github.com/rust-lang/crates.io-index)",
 "sha-1 0.7.0 (registry+https://github.com/rust-lang/crates.io-index)",
]

[[package]]
name = "proc-macro2"
version = "0.4.24"
source = "registry+https://github.com/rust-lang/crates.io-index"
dependencies = [
 "unicode-xid 0.1.0 (registry+https://github.com/rust-lang/crates.io-index)",
]

[[package]]
name = "quote"
version = "0.6.10"
source = "registry+https://github.com/rust-lang/crates.io-index"
dependencies = [
 "proc-macro2 0.4.24 (registry+https://github.com/rust-lang/crates.io-index)",
]

[[package]]
name = "regex"
version = "1.1.0"
source = "registry+https://github.com/rust-lang/crates.io-index"
dependencies = [
 "aho-corasick 0.6.9 (registry+https://github.com/rust-lang/crates.io-index)",
 "memchr 2.1.1 (registry+https://github.com/rust-lang/crates.io-index)",
 "regex-syntax 0.6.4 (registry+https://github.com/rust-lang/crates.io-index)",
 "thread_local 0.3.6 (registry+https://github.com/rust-lang/crates.io-index)",
 "utf8-ranges 1.0.2 (registry+https://github.com/rust-lang/crates.io-index)",
]

[[package]]
name = "regex-syntax"
version = "0.6.4"
source = "registry+https://github.com/rust-lang/crates.io-index"
dependencies = [
 "ucd-util 0.1.3 (registry+https://github.com/rust-lang/crates.io-index)",
]

[[package]]
name = "rustc-demangle"
version = "0.1.9"
source = "registry+https://github.com/rust-lang/crates.io-index"

[[package]]
name = "rustc-hex"
version = "2.0.1"
source = "registry+https://github.com/rust-lang/crates.io-index"

[[package]]
name = "ryu"
version = "0.2.7"
source = "registry+https://github.com/rust-lang/crates.io-index"

[[package]]
name = "ryu-ecmascript"
version = "0.1.1"
source = "registry+https://github.com/rust-lang/crates.io-index"

[[package]]
name = "serde"
version = "1.0.81"
source = "registry+https://github.com/rust-lang/crates.io-index"

[[package]]
name = "serde_json"
version = "1.0.33"
source = "registry+https://github.com/rust-lang/crates.io-index"
dependencies = [
 "itoa 0.4.3 (registry+https://github.com/rust-lang/crates.io-index)",
 "ryu 0.2.7 (registry+https://github.com/rust-lang/crates.io-index)",
 "serde 1.0.81 (registry+https://github.com/rust-lang/crates.io-index)",
]

[[package]]
name = "sha-1"
version = "0.7.0"
source = "registry+https://github.com/rust-lang/crates.io-index"
dependencies = [
 "block-buffer 0.3.3 (registry+https://github.com/rust-lang/crates.io-index)",
 "byte-tools 0.2.0 (registry+https://github.com/rust-lang/crates.io-index)",
 "digest 0.7.6 (registry+https://github.com/rust-lang/crates.io-index)",
 "fake-simd 0.1.2 (registry+https://github.com/rust-lang/crates.io-index)",
]

[[package]]
name = "simd"
version = "0.2.3"
source = "registry+https://github.com/rust-lang/crates.io-index"

[[package]]
name = "syn"
version = "0.14.9"
source = "registry+https://github.com/rust-lang/crates.io-index"
dependencies = [
 "proc-macro2 0.4.24 (registry+https://github.com/rust-lang/crates.io-index)",
 "quote 0.6.10 (registry+https://github.com/rust-lang/crates.io-index)",
 "unicode-xid 0.1.0 (registry+https://github.com/rust-lang/crates.io-index)",
]

[[package]]
name = "syn"
version = "0.15.22"
source = "registry+https://github.com/rust-lang/crates.io-index"
dependencies = [
 "proc-macro2 0.4.24 (registry+https://github.com/rust-lang/crates.io-index)",
 "quote 0.6.10 (registry+https://github.com/rust-lang/crates.io-index)",
 "unicode-xid 0.1.0 (registry+https://github.com/rust-lang/crates.io-index)",
]

[[package]]
name = "synstructure"
version = "0.10.1"
source = "registry+https://github.com/rust-lang/crates.io-index"
dependencies = [
 "proc-macro2 0.4.24 (registry+https://github.com/rust-lang/crates.io-index)",
 "quote 0.6.10 (registry+https://github.com/rust-lang/crates.io-index)",
 "syn 0.15.22 (registry+https://github.com/rust-lang/crates.io-index)",
 "unicode-xid 0.1.0 (registry+https://github.com/rust-lang/crates.io-index)",
]

[[package]]
name = "thread_local"
version = "0.3.6"
source = "registry+https://github.com/rust-lang/crates.io-index"
dependencies = [
 "lazy_static 1.2.0 (registry+https://github.com/rust-lang/crates.io-index)",
]

[[package]]
name = "typenum"
version = "1.10.0"
source = "registry+https://github.com/rust-lang/crates.io-index"

[[package]]
name = "ucd-trie"
version = "0.1.1"
source = "registry+https://github.com/rust-lang/crates.io-index"

[[package]]
name = "ucd-util"
version = "0.1.3"
source = "registry+https://github.com/rust-lang/crates.io-index"

[[package]]
name = "uint"
version = "0.5.0"
source = "registry+https://github.com/rust-lang/crates.io-index"
dependencies = [
 "byteorder 1.2.7 (registry+https://github.com/rust-lang/crates.io-index)",
 "crunchy 0.2.1 (registry+https://github.com/rust-lang/crates.io-index)",
 "rustc-hex 2.0.1 (registry+https://github.com/rust-lang/crates.io-index)",
]

[[package]]
name = "unicode-xid"
version = "0.1.0"
source = "registry+https://github.com/rust-lang/crates.io-index"

[[package]]
name = "utf8-ranges"
version = "1.0.2"
source = "registry+https://github.com/rust-lang/crates.io-index"

[[package]]
name = "version_check"
version = "0.1.5"
source = "registry+https://github.com/rust-lang/crates.io-index"

[[package]]
name = "winapi"
version = "0.3.6"
source = "registry+https://github.com/rust-lang/crates.io-index"
dependencies = [
 "winapi-i686-pc-windows-gnu 0.4.0 (registry+https://github.com/rust-lang/crates.io-index)",
 "winapi-x86_64-pc-windows-gnu 0.4.0 (registry+https://github.com/rust-lang/crates.io-index)",
]

[[package]]
name = "winapi-i686-pc-windows-gnu"
version = "0.4.0"
source = "registry+https://github.com/rust-lang/crates.io-index"

[[package]]
name = "winapi-x86_64-pc-windows-gnu"
version = "0.4.0"
source = "registry+https://github.com/rust-lang/crates.io-index"

[metadata]
"checksum aho-corasick 0.6.9 (registry+https://github.com/rust-lang/crates.io-index)" = "1e9a933f4e58658d7b12defcf96dc5c720f20832deebe3e0a19efd3b6aaeeb9e"
"checksum arrayref 0.3.5 (registry+https://github.com/rust-lang/crates.io-index)" = "0d382e583f07208808f6b1249e60848879ba3543f57c32277bf52d69c2f0f0ee"
"checksum backtrace 0.3.11 (registry+https://github.com/rust-lang/crates.io-index)" = "18b65ea1161bfb2dd6da6fade5edd4dbd08fba85012123dd333d2fd1b90b2782"
"checksum backtrace-sys 0.1.24 (registry+https://github.com/rust-lang/crates.io-index)" = "c66d56ac8dabd07f6aacdaf633f4b8262f5b3601a810a0dcddffd5c22c69daa0"
"checksum bencher 0.1.5 (registry+https://github.com/rust-lang/crates.io-index)" = "7dfdb4953a096c551ce9ace855a604d702e6e62d77fac690575ae347571717f5"
"checksum block-buffer 0.3.3 (registry+https://github.com/rust-lang/crates.io-index)" = "a076c298b9ecdb530ed9d967e74a6027d6a7478924520acddcddc24c1c8ab3ab"
"checksum block-buffer 0.7.1 (registry+https://github.com/rust-lang/crates.io-index)" = "47dc7795bae66723a5ee26b79eea4c398a5395dafbaaa81821730bd318ff718f"
"checksum block-padding 0.1.2 (registry+https://github.com/rust-lang/crates.io-index)" = "4fc4358306e344bf9775d0197fd00d2603e5afb0771bb353538630f022068ea3"
"checksum byte-tools 0.2.0 (registry+https://github.com/rust-lang/crates.io-index)" = "560c32574a12a89ecd91f5e742165893f86e3ab98d21f8ea548658eb9eef5f40"
"checksum byte-tools 0.3.0 (registry+https://github.com/rust-lang/crates.io-index)" = "980479e6fde23246dfb54d47580d66b4e99202e7579c5eaa9fe10ecb5ebd2182"
"checksum byteorder 1.2.7 (registry+https://github.com/rust-lang/crates.io-index)" = "94f88df23a25417badc922ab0f5716cc1330e87f71ddd9203b3a3ccd9cedf75d"
"checksum cc 1.0.25 (registry+https://github.com/rust-lang/crates.io-index)" = "f159dfd43363c4d08055a07703eb7a3406b0dac4d0584d96965a3262db3c9d16"
"checksum cfg-if 0.1.6 (registry+https://github.com/rust-lang/crates.io-index)" = "082bb9b28e00d3c9d39cc03e64ce4cea0f1bb9b3fde493f0cbc008472d22bdf4"
"checksum crunchy 0.2.1 (registry+https://github.com/rust-lang/crates.io-index)" = "c240f247c278fa08a6d4820a6a222bfc6e0d999e51ba67be94f44c905b2161f2"
"checksum digest 0.7.6 (registry+https://github.com/rust-lang/crates.io-index)" = "03b072242a8cbaf9c145665af9d250c59af3b958f83ed6824e13533cf76d5b90"
"checksum digest 0.8.0 (registry+https://github.com/rust-lang/crates.io-index)" = "05f47366984d3ad862010e22c7ce81a7dbcaebbdfb37241a620f8b6596ee135c"
"checksum failure 0.1.3 (registry+https://github.com/rust-lang/crates.io-index)" = "6dd377bcc1b1b7ce911967e3ec24fa19c3224394ec05b54aa7b083d498341ac7"
"checksum failure_derive 0.1.3 (registry+https://github.com/rust-lang/crates.io-index)" = "64c2d913fe8ed3b6c6518eedf4538255b989945c14c2a7d5cbff62a5e2120596"
"checksum fake-simd 0.1.2 (registry+https://github.com/rust-lang/crates.io-index)" = "e88a8acf291dafb59c2d96e8f59828f3838bb1a70398823ade51a84de6a6deed"
"checksum generic-array 0.12.0 (registry+https://github.com/rust-lang/crates.io-index)" = "3c0f28c2f5bfb5960175af447a2da7c18900693738343dc896ffbcabd9839592"
"checksum generic-array 0.9.0 (registry+https://github.com/rust-lang/crates.io-index)" = "ef25c5683767570c2bbd7deba372926a55eaae9982d7726ee2a1050239d45b9d"
"checksum itoa 0.4.3 (registry+https://github.com/rust-lang/crates.io-index)" = "1306f3464951f30e30d12373d31c79fbd52d236e5e896fd92f96ec7babbbe60b"
"checksum json 0.11.13 (registry+https://github.com/rust-lang/crates.io-index)" = "9ad0485404155f45cce53a40d4b2d6ac356418300daed05273d9e26f91c390be"
"checksum json5 0.2.2 (registry+https://github.com/rust-lang/crates.io-index)" = "bc7233a9c736f0b783f77c757c85b4345efd66f61da2f943132228b2383ab8cd"
"checksum json_in_type 1.0.0 (registry+https://github.com/rust-lang/crates.io-index)" = "0f65101e3e734a0bc0ee717fdd725339d7633bd8560623a51f903454b0013cc5"
"checksum lazy_static 1.2.0 (registry+https://github.com/rust-lang/crates.io-index)" = "a374c89b9db55895453a74c1e38861d9deec0b01b405a82516e9d5de4820dea1"
"checksum libc 0.2.44 (registry+https://github.com/rust-lang/crates.io-index)" = "10923947f84a519a45c8fefb7dd1b3e8c08747993381adee176d7a82b4195311"
"checksum maplit 1.0.1 (registry+https://github.com/rust-lang/crates.io-index)" = "08cbb6b4fef96b6d77bfc40ec491b1690c779e77b05cd9f07f787ed376fd4c43"
"checksum md-5 0.8.0 (registry+https://github.com/rust-lang/crates.io-index)" = "a18af3dcaf2b0219366cdb4e2af65a6101457b415c3d1a5c71dd9c2b7c77b9c8"
"checksum md5 0.6.0 (registry+https://github.com/rust-lang/crates.io-index)" = "2cfd7095f695c117f89db0a838710180bc22f1867e2454a5c810a538baee55f9"
"checksum memchr 2.1.1 (registry+https://github.com/rust-lang/crates.io-index)" = "0a3eb002f0535929f1199681417029ebea04aadc0c7a4224b46be99c7f5d6a16"
"checksum num-bigint 0.2.1 (registry+https://github.com/rust-lang/crates.io-index)" = "10b8423ea72ec64751198856a853e07b37087cfc9b53a87ecb19bff67b6d1320"
"checksum num-integer 0.1.39 (registry+https://github.com/rust-lang/crates.io-index)" = "e83d528d2677f0518c570baf2b7abdcf0cd2d248860b68507bdcb3e91d4c0cea"
"checksum num-traits 0.2.6 (registry+https://github.com/rust-lang/crates.io-index)" = "0b3a5d7cc97d6d30d8b9bc8fa19bf45349ffe46241e8816f50f62f6d6aaabee1"
"checksum numext-constructor 0.1.0 (registry+https://github.com/rust-lang/crates.io-index)" = "df99f0e1cefc5d336ccb29b369a318559964065747c687441e157c87ca62a79b"
"checksum numext-fixed-uint 0.1.0 (registry+https://github.com/rust-lang/crates.io-index)" = "4527605a7cc2e5db26b836ba306f4f9915f04db7ee1ead60af50b5e43ec03ee1"
"checksum opaque-debug 0.2.1 (registry+https://github.com/rust-lang/crates.io-index)" = "51ecbcb821e1bd256d456fe858aaa7f380b63863eab2eb86eee1bd9f33dd6682"
"checksum pest 2.0.2 (registry+https://github.com/rust-lang/crates.io-index)" = "a677051ad923732bb5c70f2d45f8985a96e3eee2e2bff86697e3b11b0c3fcfde"
"checksum pest_derive 2.0.1 (registry+https://github.com/rust-lang/crates.io-index)" = "b76f477146419bc539a63f4ef40e902166cb43b3e51cecc71d9136fd12c567e7"
"checksum pest_generator 2.0.0 (registry+https://github.com/rust-lang/crates.io-index)" = "3ebee4e9680be4fd162e6f3394ae4192a6b60b1e4d17d845e631f0c68d1a3386"
"checksum pest_meta 2.0.3 (registry+https://github.com/rust-lang/crates.io-index)" = "1f6d5f6f0e6082578c86af197d780dc38328e3f768cec06aac9bc46d714e8221"
"checksum proc-macro2 0.4.24 (registry+https://github.com/rust-lang/crates.io-index)" = "77619697826f31a02ae974457af0b29b723e5619e113e9397b8b82c6bd253f09"
"checksum quote 0.6.10 (registry+https://github.com/rust-lang/crates.io-index)" = "53fa22a1994bd0f9372d7a816207d8a2677ad0325b073f5c5332760f0fb62b5c"
"checksum regex 1.1.0 (registry+https://github.com/rust-lang/crates.io-index)" = "37e7cbbd370869ce2e8dff25c7018702d10b21a20ef7135316f8daecd6c25b7f"
"checksum regex-syntax 0.6.4 (registry+https://github.com/rust-lang/crates.io-index)" = "4e47a2ed29da7a9e1960e1639e7a982e6edc6d49be308a3b02daf511504a16d1"
"checksum rustc-demangle 0.1.9 (registry+https://github.com/rust-lang/crates.io-index)" = "bcfe5b13211b4d78e5c2cadfebd7769197d95c639c35a50057eb4c05de811395"
"checksum rustc-hex 2.0.1 (registry+https://github.com/rust-lang/crates.io-index)" = "403bb3a286107a04825a5f82e1270acc1e14028d3d554d7a1e08914549575ab8"
"checksum ryu 0.2.7 (registry+https://github.com/rust-lang/crates.io-index)" = "eb9e9b8cde282a9fe6a42dd4681319bfb63f121b8a8ee9439c6f4107e58a46f7"
"checksum ryu-ecmascript 0.1.1 (registry+https://github.com/rust-lang/crates.io-index)" = "79f19ef8ea9a62575f9422da5ca81b1529ccf9be3e2150bf175f36612af0575c"
"checksum serde 1.0.81 (registry+https://github.com/rust-lang/crates.io-index)" = "c91eb5b0190ae87b4e2e39cbba6e3bed3ac6186935fe265f0426156c4c49961b"
"checksum serde_json 1.0.33 (registry+https://github.com/rust-lang/crates.io-index)" = "c37ccd6be3ed1fdf419ee848f7c758eb31b054d7cd3ae3600e3bae0adf569811"
"checksum sha-1 0.7.0 (registry+https://github.com/rust-lang/crates.io-index)" = "51b9d1f3b5de8a167ab06834a7c883bd197f2191e1dda1a22d9ccfeedbf9aded"
"checksum simd 0.2.3 (registry+https://github.com/rust-lang/crates.io-index)" = "0048b17eb9577ac545c61d85c3559b41dfb4cbea41c9bd9ca6a4f73ff05fda84"
"checksum syn 0.14.9 (registry+https://github.com/rust-lang/crates.io-index)" = "261ae9ecaa397c42b960649561949d69311f08eeaea86a65696e6e46517cf741"
"checksum syn 0.15.22 (registry+https://github.com/rust-lang/crates.io-index)" = "ae8b29eb5210bc5cf63ed6149cbf9adfc82ac0be023d8735c176ee74a2db4da7"
"checksum synstructure 0.10.1 (registry+https://github.com/rust-lang/crates.io-index)" = "73687139bf99285483c96ac0add482c3776528beac1d97d444f6e91f203a2015"
"checksum thread_local 0.3.6 (registry+https://github.com/rust-lang/crates.io-index)" = "c6b53e329000edc2b34dbe8545fd20e55a333362d0a321909685a19bd28c3f1b"
"checksum typenum 1.10.0 (registry+https://github.com/rust-lang/crates.io-index)" = "612d636f949607bdf9b123b4a6f6d966dedf3ff669f7f045890d3a4a73948169"
"checksum ucd-trie 0.1.1 (registry+https://github.com/rust-lang/crates.io-index)" = "71a9c5b1fe77426cf144cc30e49e955270f5086e31a6441dfa8b32efc09b9d77"
"checksum ucd-util 0.1.3 (registry+https://github.com/rust-lang/crates.io-index)" = "535c204ee4d8434478593480b8f86ab45ec9aae0e83c568ca81abf0fd0e88f86"
"checksum uint 0.5.0 (registry+https://github.com/rust-lang/crates.io-index)" = "082df6964410f6aa929a61ddfafc997e4f32c62c22490e439ac351cec827f436"
"checksum unicode-xid 0.1.0 (registry+https://github.com/rust-lang/crates.io-index)" = "fc72304796d0818e357ead4e000d19c9c174ab23dc11093ac919054d20a6a7fc"
"checksum utf8-ranges 1.0.2 (registry+https://github.com/rust-lang/crates.io-index)" = "796f7e48bef87609f7ade7e06495a87d5cd06c7866e6a5cbfceffc558a243737"
"checksum version_check 0.1.5 (registry+https://github.com/rust-lang/crates.io-index)" = "914b1a6776c4c929a602fafd8bc742e06365d4bcbe48c30f9cca5824f70dc9dd"
"checksum winapi 0.3.6 (registry+https://github.com/rust-lang/crates.io-index)" = "92c1eb33641e276cfa214a0522acad57be5c56b10cb348b3c5117db75f3ac4b0"
"checksum winapi-i686-pc-windows-gnu 0.4.0 (registry+https://github.com/rust-lang/crates.io-index)" = "ac3b87c63620426dd9b991e5ce0329eff545bccbbb34f3be09ff6fb6ab51b7b6"
"checksum winapi-x86_64-pc-windows-gnu 0.4.0 (registry+https://github.com/rust-lang/crates.io-index)" = "712e227841d057c1ee1cd2fb22fa7e5a5461ae8e48fa2ca79ec42cfc1931183f"
